// !$*UTF8*$!
{
	archiveVersion = 1;
	classes = {
	};
	objectVersion = 56;
	objects = {

/* Begin PBXBuildFile section */
		8ED489BB2C578D0200227B18 /* AppDelegate.swift in Sources */ = {isa = PBXBuildFile; fileRef = 8ED489BA2C578D0200227B18 /* AppDelegate.swift */; };
		8ED489BD2C578D0200227B18 /* SceneDelegate.swift in Sources */ = {isa = PBXBuildFile; fileRef = 8ED489BC2C578D0200227B18 /* SceneDelegate.swift */; };
		8ED489BF2C578D0200227B18 /* ViewController.swift in Sources */ = {isa = PBXBuildFile; fileRef = 8ED489BE2C578D0200227B18 /* ViewController.swift */; };
		8ED489C22C578D0200227B18 /* Base in Resources */ = {isa = PBXBuildFile; fileRef = 8ED489C12C578D0200227B18 /* Base */; };
		8ED489C42C578D0300227B18 /* Assets.xcassets in Resources */ = {isa = PBXBuildFile; fileRef = 8ED489C32C578D0300227B18 /* Assets.xcassets */; };
		8ED489C72C578D0300227B18 /* Base in Resources */ = {isa = PBXBuildFile; fileRef = 8ED489C62C578D0300227B18 /* Base */; };
		8ED489D22C578D0300227B18 /* BasicApp_WithStoryboardTests.swift in Sources */ = {isa = PBXBuildFile; fileRef = 8ED489D12C578D0300227B18 /* BasicApp_WithStoryboardTests.swift */; };
		8ED489DC2C578D0300227B18 /* BasicApp_WithStoryboardUITests.swift in Sources */ = {isa = PBXBuildFile; fileRef = 8ED489DB2C578D0300227B18 /* BasicApp_WithStoryboardUITests.swift */; };
		8ED489DE2C578D0300227B18 /* BasicApp_WithStoryboardUITestsLaunchTests.swift in Sources */ = {isa = PBXBuildFile; fileRef = 8ED489DD2C578D0300227B18 /* BasicApp_WithStoryboardUITestsLaunchTests.swift */; };
/* End PBXBuildFile section */

/* Begin PBXContainerItemProxy section */
		8ED489CE2C578D0300227B18 /* PBXContainerItemProxy */ = {
			isa = PBXContainerItemProxy;
			containerPortal = 8ED489AF2C578D0200227B18 /* Project object */;
			proxyType = 1;
			remoteGlobalIDString = 8ED489B62C578D0200227B18;
			remoteInfo = BasicApp_WithStoryboard;
		};
		8ED489D82C578D0300227B18 /* PBXContainerItemProxy */ = {
			isa = PBXContainerItemProxy;
			containerPortal = 8ED489AF2C578D0200227B18 /* Project object */;
			proxyType = 1;
			remoteGlobalIDString = 8ED489B62C578D0200227B18;
			remoteInfo = BasicApp_WithStoryboard;
		};
/* End PBXContainerItemProxy section */

/* Begin PBXFileReference section */
		8ED489B72C578D0200227B18 /* BasicApp_WithStoryboard.app */ = {isa = PBXFileReference; explicitFileType = wrapper.application; includeInIndex = 0; path = BasicApp_WithStoryboard.app; sourceTree = BUILT_PRODUCTS_DIR; };
		8ED489BA2C578D0200227B18 /* AppDelegate.swift */ = {isa = PBXFileReference; lastKnownFileType = sourcecode.swift; path = AppDelegate.swift; sourceTree = "<group>"; };
		8ED489BC2C578D0200227B18 /* SceneDelegate.swift */ = {isa = PBXFileReference; lastKnownFileType = sourcecode.swift; path = SceneDelegate.swift; sourceTree = "<group>"; };
		8ED489BE2C578D0200227B18 /* ViewController.swift */ = {isa = PBXFileReference; lastKnownFileType = sourcecode.swift; path = ViewController.swift; sourceTree = "<group>"; };
		8ED489C12C578D0200227B18 /* Base */ = {isa = PBXFileReference; lastKnownFileType = file.storyboard; name = Base; path = Base.lproj/Main.storyboard; sourceTree = "<group>"; };
		8ED489C32C578D0300227B18 /* Assets.xcassets */ = {isa = PBXFileReference; lastKnownFileType = folder.assetcatalog; path = Assets.xcassets; sourceTree = "<group>"; };
		8ED489C62C578D0300227B18 /* Base */ = {isa = PBXFileReference; lastKnownFileType = file.storyboard; name = Base; path = Base.lproj/LaunchScreen.storyboard; sourceTree = "<group>"; };
		8ED489C82C578D0300227B18 /* Info.plist */ = {isa = PBXFileReference; lastKnownFileType = text.plist.xml; path = Info.plist; sourceTree = "<group>"; };
		8ED489CD2C578D0300227B18 /* BasicApp_WithStoryboardTests.xctest */ = {isa = PBXFileReference; explicitFileType = wrapper.cfbundle; includeInIndex = 0; path = BasicApp_WithStoryboardTests.xctest; sourceTree = BUILT_PRODUCTS_DIR; };
		8ED489D12C578D0300227B18 /* BasicApp_WithStoryboardTests.swift */ = {isa = PBXFileReference; lastKnownFileType = sourcecode.swift; path = BasicApp_WithStoryboardTests.swift; sourceTree = "<group>"; };
		8ED489D72C578D0300227B18 /* BasicApp_WithStoryboardUITests.xctest */ = {isa = PBXFileReference; explicitFileType = wrapper.cfbundle; includeInIndex = 0; path = BasicApp_WithStoryboardUITests.xctest; sourceTree = BUILT_PRODUCTS_DIR; };
		8ED489DB2C578D0300227B18 /* BasicApp_WithStoryboardUITests.swift */ = {isa = PBXFileReference; lastKnownFileType = sourcecode.swift; path = BasicApp_WithStoryboardUITests.swift; sourceTree = "<group>"; };
		8ED489DD2C578D0300227B18 /* BasicApp_WithStoryboardUITestsLaunchTests.swift */ = {isa = PBXFileReference; lastKnownFileType = sourcecode.swift; path = BasicApp_WithStoryboardUITestsLaunchTests.swift; sourceTree = "<group>"; };
/* End PBXFileReference section */

/* Begin PBXFrameworksBuildPhase section */
		8ED489B42C578D0200227B18 /* Frameworks */ = {
			isa = PBXFrameworksBuildPhase;
			buildActionMask = 2147483647;
			files = (
			);
			runOnlyForDeploymentPostprocessing = 0;
		};
		8ED489CA2C578D0300227B18 /* Frameworks */ = {
			isa = PBXFrameworksBuildPhase;
			buildActionMask = 2147483647;
			files = (
			);
			runOnlyForDeploymentPostprocessing = 0;
		};
		8ED489D42C578D0300227B18 /* Frameworks */ = {
			isa = PBXFrameworksBuildPhase;
			buildActionMask = 2147483647;
			files = (
			);
			runOnlyForDeploymentPostprocessing = 0;
		};
/* End PBXFrameworksBuildPhase section */

/* Begin PBXGroup section */
		8ED489AE2C578D0200227B18 = {
			isa = PBXGroup;
			children = (
				8ED489B92C578D0200227B18 /* BasicApp_WithStoryboard */,
				8ED489D02C578D0300227B18 /* BasicApp_WithStoryboardTests */,
				8ED489DA2C578D0300227B18 /* BasicApp_WithStoryboardUITests */,
				8ED489B82C578D0200227B18 /* Products */,
			);
			sourceTree = "<group>";
		};
		8ED489B82C578D0200227B18 /* Products */ = {
			isa = PBXGroup;
			children = (
				8ED489B72C578D0200227B18 /* BasicApp_WithStoryboard.app */,
				8ED489CD2C578D0300227B18 /* BasicApp_WithStoryboardTests.xctest */,
				8ED489D72C578D0300227B18 /* BasicApp_WithStoryboardUITests.xctest */,
			);
			name = Products;
			sourceTree = "<group>";
		};
		8ED489B92C578D0200227B18 /* BasicApp_WithStoryboard */ = {
			isa = PBXGroup;
			children = (
				8ED489BA2C578D0200227B18 /* AppDelegate.swift */,
				8ED489BC2C578D0200227B18 /* SceneDelegate.swift */,
				8ED489BE2C578D0200227B18 /* ViewController.swift */,
				8ED489C02C578D0200227B18 /* Main.storyboard */,
				8ED489C32C578D0300227B18 /* Assets.xcassets */,
				8ED489C52C578D0300227B18 /* LaunchScreen.storyboard */,
				8ED489C82C578D0300227B18 /* Info.plist */,
			);
			path = BasicApp_WithStoryboard;
			sourceTree = "<group>";
		};
		8ED489D02C578D0300227B18 /* BasicApp_WithStoryboardTests */ = {
			isa = PBXGroup;
			children = (
				8ED489D12C578D0300227B18 /* BasicApp_WithStoryboardTests.swift */,
			);
			path = BasicApp_WithStoryboardTests;
			sourceTree = "<group>";
		};
		8ED489DA2C578D0300227B18 /* BasicApp_WithStoryboardUITests */ = {
			isa = PBXGroup;
			children = (
				8ED489DB2C578D0300227B18 /* BasicApp_WithStoryboardUITests.swift */,
				8ED489DD2C578D0300227B18 /* BasicApp_WithStoryboardUITestsLaunchTests.swift */,
			);
			path = BasicApp_WithStoryboardUITests;
			sourceTree = "<group>";
		};
/* End PBXGroup section */

/* Begin PBXNativeTarget section */
		8ED489B62C578D0200227B18 /* BasicApp_WithStoryboard */ = {
			isa = PBXNativeTarget;
			buildConfigurationList = 8ED489E12C578D0300227B18 /* Build configuration list for PBXNativeTarget "BasicApp_WithStoryboard" */;
			buildPhases = (
				8ED489B32C578D0200227B18 /* Sources */,
				8ED489B42C578D0200227B18 /* Frameworks */,
				8ED489B52C578D0200227B18 /* Resources */,
			);
			buildRules = (
			);
			dependencies = (
			);
			name = BasicApp_WithStoryboard;
			productName = BasicApp_WithStoryboard;
			productReference = 8ED489B72C578D0200227B18 /* BasicApp_WithStoryboard.app */;
			productType = "com.apple.product-type.application";
		};
		8ED489CC2C578D0300227B18 /* BasicApp_WithStoryboardTests */ = {
			isa = PBXNativeTarget;
			buildConfigurationList = 8ED489E42C578D0300227B18 /* Build configuration list for PBXNativeTarget "BasicApp_WithStoryboardTests" */;
			buildPhases = (
				8ED489C92C578D0300227B18 /* Sources */,
				8ED489CA2C578D0300227B18 /* Frameworks */,
				8ED489CB2C578D0300227B18 /* Resources */,
			);
			buildRules = (
			);
			dependencies = (
				8ED489CF2C578D0300227B18 /* PBXTargetDependency */,
			);
			name = BasicApp_WithStoryboardTests;
			productName = BasicApp_WithStoryboardTests;
			productReference = 8ED489CD2C578D0300227B18 /* BasicApp_WithStoryboardTests.xctest */;
			productType = "com.apple.product-type.bundle.unit-test";
		};
		8ED489D62C578D0300227B18 /* BasicApp_WithStoryboardUITests */ = {
			isa = PBXNativeTarget;
			buildConfigurationList = 8ED489E72C578D0300227B18 /* Build configuration list for PBXNativeTarget "BasicApp_WithStoryboardUITests" */;
			buildPhases = (
				8ED489D32C578D0300227B18 /* Sources */,
				8ED489D42C578D0300227B18 /* Frameworks */,
				8ED489D52C578D0300227B18 /* Resources */,
			);
			buildRules = (
			);
			dependencies = (
				8ED489D92C578D0300227B18 /* PBXTargetDependency */,
			);
			name = BasicApp_WithStoryboardUITests;
			productName = BasicApp_WithStoryboardUITests;
			productReference = 8ED489D72C578D0300227B18 /* BasicApp_WithStoryboardUITests.xctest */;
			productType = "com.apple.product-type.bundle.ui-testing";
		};
/* End PBXNativeTarget section */

/* Begin PBXProject section */
		8ED489AF2C578D0200227B18 /* Project object */ = {
			isa = PBXProject;
			attributes = {
				BuildIndependentTargetsInParallel = 1;
				LastSwiftUpdateCheck = 1540;
				LastUpgradeCheck = 1540;
				TargetAttributes = {
					8ED489B62C578D0200227B18 = {
						CreatedOnToolsVersion = 15.4;
					};
					8ED489CC2C578D0300227B18 = {
						CreatedOnToolsVersion = 15.4;
						TestTargetID = 8ED489B62C578D0200227B18;
					};
					8ED489D62C578D0300227B18 = {
						CreatedOnToolsVersion = 15.4;
						TestTargetID = 8ED489B62C578D0200227B18;
					};
				};
			};
			buildConfigurationList = 8ED489B22C578D0200227B18 /* Build configuration list for PBXProject "BasicApp_WithStoryboard" */;
			compatibilityVersion = "Xcode 14.0";
			developmentRegion = en;
			hasScannedForEncodings = 0;
			knownRegions = (
				en,
				Base,
			);
			mainGroup = 8ED489AE2C578D0200227B18;
			productRefGroup = 8ED489B82C578D0200227B18 /* Products */;
			projectDirPath = "";
			projectRoot = "";
			targets = (
				8ED489B62C578D0200227B18 /* BasicApp_WithStoryboard */,
				8ED489CC2C578D0300227B18 /* BasicApp_WithStoryboardTests */,
				8ED489D62C578D0300227B18 /* BasicApp_WithStoryboardUITests */,
			);
		};
/* End PBXProject section */

/* Begin PBXResourcesBuildPhase section */
		8ED489B52C578D0200227B18 /* Resources */ = {
			isa = PBXResourcesBuildPhase;
			buildActionMask = 2147483647;
			files = (
				8ED489C42C578D0300227B18 /* Assets.xcassets in Resources */,
				8ED489C72C578D0300227B18 /* Base in Resources */,
				8ED489C22C578D0200227B18 /* Base in Resources */,
			);
			runOnlyForDeploymentPostprocessing = 0;
		};
		8ED489CB2C578D0300227B18 /* Resources */ = {
			isa = PBXResourcesBuildPhase;
			buildActionMask = 2147483647;
			files = (
			);
			runOnlyForDeploymentPostprocessing = 0;
		};
		8ED489D52C578D0300227B18 /* Resources */ = {
			isa = PBXResourcesBuildPhase;
			buildActionMask = 2147483647;
			files = (
			);
			runOnlyForDeploymentPostprocessing = 0;
		};
/* End PBXResourcesBuildPhase section */

/* Begin PBXSourcesBuildPhase section */
		8ED489B32C578D0200227B18 /* Sources */ = {
			isa = PBXSourcesBuildPhase;
			buildActionMask = 2147483647;
			files = (
				8ED489BF2C578D0200227B18 /* ViewController.swift in Sources */,
				8ED489BB2C578D0200227B18 /* AppDelegate.swift in Sources */,
				8ED489BD2C578D0200227B18 /* SceneDelegate.swift in Sources */,
			);
			runOnlyForDeploymentPostprocessing = 0;
		};
		8ED489C92C578D0300227B18 /* Sources */ = {
			isa = PBXSourcesBuildPhase;
			buildActionMask = 2147483647;
			files = (
				8ED489D22C578D0300227B18 /* BasicApp_WithStoryboardTests.swift in Sources */,
			);
			runOnlyForDeploymentPostprocessing = 0;
		};
		8ED489D32C578D0300227B18 /* Sources */ = {
			isa = PBXSourcesBuildPhase;
			buildActionMask = 2147483647;
			files = (
				8ED489DE2C578D0300227B18 /* BasicApp_WithStoryboardUITestsLaunchTests.swift in Sources */,
				8ED489DC2C578D0300227B18 /* BasicApp_WithStoryboardUITests.swift in Sources */,
			);
			runOnlyForDeploymentPostprocessing = 0;
		};
/* End PBXSourcesBuildPhase section */

/* Begin PBXTargetDependency section */
		8ED489CF2C578D0300227B18 /* PBXTargetDependency */ = {
			isa = PBXTargetDependency;
			target = 8ED489B62C578D0200227B18 /* BasicApp_WithStoryboard */;
			targetProxy = 8ED489CE2C578D0300227B18 /* PBXContainerItemProxy */;
		};
		8ED489D92C578D0300227B18 /* PBXTargetDependency */ = {
			isa = PBXTargetDependency;
			target = 8ED489B62C578D0200227B18 /* BasicApp_WithStoryboard */;
			targetProxy = 8ED489D82C578D0300227B18 /* PBXContainerItemProxy */;
		};
/* End PBXTargetDependency section */

/* Begin PBXVariantGroup section */
		8ED489C02C578D0200227B18 /* Main.storyboard */ = {
			isa = PBXVariantGroup;
			children = (
				8ED489C12C578D0200227B18 /* Base */,
			);
			name = Main.storyboard;
			sourceTree = "<group>";
		};
		8ED489C52C578D0300227B18 /* LaunchScreen.storyboard */ = {
			isa = PBXVariantGroup;
			children = (
				8ED489C62C578D0300227B18 /* Base */,
			);
			name = LaunchScreen.storyboard;
			sourceTree = "<group>";
		};
/* End PBXVariantGroup section */

/* Begin XCBuildConfiguration section */
		8ED489DF2C578D0300227B18 /* Debug */ = {
			isa = XCBuildConfiguration;
			buildSettings = {
				ALWAYS_SEARCH_USER_PATHS = NO;
				ASSETCATALOG_COMPILER_GENERATE_SWIFT_ASSET_SYMBOL_EXTENSIONS = YES;
				CLANG_ANALYZER_NONNULL = YES;
				CLANG_ANALYZER_NUMBER_OBJECT_CONVERSION = YES_AGGRESSIVE;
				CLANG_CXX_LANGUAGE_STANDARD = "gnu++20";
				CLANG_ENABLE_MODULES = YES;
				CLANG_ENABLE_OBJC_ARC = YES;
				CLANG_ENABLE_OBJC_WEAK = YES;
				CLANG_WARN_BLOCK_CAPTURE_AUTORELEASING = YES;
				CLANG_WARN_BOOL_CONVERSION = YES;
				CLANG_WARN_COMMA = YES;
				CLANG_WARN_CONSTANT_CONVERSION = YES;
				CLANG_WARN_DEPRECATED_OBJC_IMPLEMENTATIONS = YES;
				CLANG_WARN_DIRECT_OBJC_ISA_USAGE = YES_ERROR;
				CLANG_WARN_DOCUMENTATION_COMMENTS = YES;
				CLANG_WARN_EMPTY_BODY = YES;
				CLANG_WARN_ENUM_CONVERSION = YES;
				CLANG_WARN_INFINITE_RECURSION = YES;
				CLANG_WARN_INT_CONVERSION = YES;
				CLANG_WARN_NON_LITERAL_NULL_CONVERSION = YES;
				CLANG_WARN_OBJC_IMPLICIT_RETAIN_SELF = YES;
				CLANG_WARN_OBJC_LITERAL_CONVERSION = YES;
				CLANG_WARN_OBJC_ROOT_CLASS = YES_ERROR;
				CLANG_WARN_QUOTED_INCLUDE_IN_FRAMEWORK_HEADER = YES;
				CLANG_WARN_RANGE_LOOP_ANALYSIS = YES;
				CLANG_WARN_STRICT_PROTOTYPES = YES;
				CLANG_WARN_SUSPICIOUS_MOVE = YES;
				CLANG_WARN_UNGUARDED_AVAILABILITY = YES_AGGRESSIVE;
				CLANG_WARN_UNREACHABLE_CODE = YES;
				CLANG_WARN__DUPLICATE_METHOD_MATCH = YES;
				COPY_PHASE_STRIP = NO;
				DEBUG_INFORMATION_FORMAT = dwarf;
				ENABLE_STRICT_OBJC_MSGSEND = YES;
				ENABLE_TESTABILITY = YES;
				ENABLE_USER_SCRIPT_SANDBOXING = YES;
				GCC_C_LANGUAGE_STANDARD = gnu17;
				GCC_DYNAMIC_NO_PIC = NO;
				GCC_NO_COMMON_BLOCKS = YES;
				GCC_OPTIMIZATION_LEVEL = 0;
				GCC_PREPROCESSOR_DEFINITIONS = (
					"DEBUG=1",
					"$(inherited)",
				);
				GCC_WARN_64_TO_32_BIT_CONVERSION = YES;
				GCC_WARN_ABOUT_RETURN_TYPE = YES_ERROR;
				GCC_WARN_UNDECLARED_SELECTOR = YES;
				GCC_WARN_UNINITIALIZED_AUTOS = YES_AGGRESSIVE;
				GCC_WARN_UNUSED_FUNCTION = YES;
				GCC_WARN_UNUSED_VARIABLE = YES;
				IPHONEOS_DEPLOYMENT_TARGET = 17.5;
				LOCALIZATION_PREFERS_STRING_CATALOGS = YES;
				MTL_ENABLE_DEBUG_INFO = INCLUDE_SOURCE;
				MTL_FAST_MATH = YES;
				ONLY_ACTIVE_ARCH = YES;
				SDKROOT = iphoneos;
				SWIFT_ACTIVE_COMPILATION_CONDITIONS = "DEBUG $(inherited)";
				SWIFT_OPTIMIZATION_LEVEL = "-Onone";
			};
			name = Debug;
		};
		8ED489E02C578D0300227B18 /* Release */ = {
			isa = XCBuildConfiguration;
			buildSettings = {
				ALWAYS_SEARCH_USER_PATHS = NO;
				ASSETCATALOG_COMPILER_GENERATE_SWIFT_ASSET_SYMBOL_EXTENSIONS = YES;
				CLANG_ANALYZER_NONNULL = YES;
				CLANG_ANALYZER_NUMBER_OBJECT_CONVERSION = YES_AGGRESSIVE;
				CLANG_CXX_LANGUAGE_STANDARD = "gnu++20";
				CLANG_ENABLE_MODULES = YES;
				CLANG_ENABLE_OBJC_ARC = YES;
				CLANG_ENABLE_OBJC_WEAK = YES;
				CLANG_WARN_BLOCK_CAPTURE_AUTORELEASING = YES;
				CLANG_WARN_BOOL_CONVERSION = YES;
				CLANG_WARN_COMMA = YES;
				CLANG_WARN_CONSTANT_CONVERSION = YES;
				CLANG_WARN_DEPRECATED_OBJC_IMPLEMENTATIONS = YES;
				CLANG_WARN_DIRECT_OBJC_ISA_USAGE = YES_ERROR;
				CLANG_WARN_DOCUMENTATION_COMMENTS = YES;
				CLANG_WARN_EMPTY_BODY = YES;
				CLANG_WARN_ENUM_CONVERSION = YES;
				CLANG_WARN_INFINITE_RECURSION = YES;
				CLANG_WARN_INT_CONVERSION = YES;
				CLANG_WARN_NON_LITERAL_NULL_CONVERSION = YES;
				CLANG_WARN_OBJC_IMPLICIT_RETAIN_SELF = YES;
				CLANG_WARN_OBJC_LITERAL_CONVERSION = YES;
				CLANG_WARN_OBJC_ROOT_CLASS = YES_ERROR;
				CLANG_WARN_QUOTED_INCLUDE_IN_FRAMEWORK_HEADER = YES;
				CLANG_WARN_RANGE_LOOP_ANALYSIS = YES;
				CLANG_WARN_STRICT_PROTOTYPES = YES;
				CLANG_WARN_SUSPICIOUS_MOVE = YES;
				CLANG_WARN_UNGUARDED_AVAILABILITY = YES_AGGRESSIVE;
				CLANG_WARN_UNREACHABLE_CODE = YES;
				CLANG_WARN__DUPLICATE_METHOD_MATCH = YES;
				COPY_PHASE_STRIP = NO;
				DEBUG_INFORMATION_FORMAT = "dwarf-with-dsym";
				ENABLE_NS_ASSERTIONS = NO;
				ENABLE_STRICT_OBJC_MSGSEND = YES;
				ENABLE_USER_SCRIPT_SANDBOXING = YES;
				GCC_C_LANGUAGE_STANDARD = gnu17;
				GCC_NO_COMMON_BLOCKS = YES;
				GCC_WARN_64_TO_32_BIT_CONVERSION = YES;
				GCC_WARN_ABOUT_RETURN_TYPE = YES_ERROR;
				GCC_WARN_UNDECLARED_SELECTOR = YES;
				GCC_WARN_UNINITIALIZED_AUTOS = YES_AGGRESSIVE;
				GCC_WARN_UNUSED_FUNCTION = YES;
				GCC_WARN_UNUSED_VARIABLE = YES;
				IPHONEOS_DEPLOYMENT_TARGET = 17.5;
				LOCALIZATION_PREFERS_STRING_CATALOGS = YES;
				MTL_ENABLE_DEBUG_INFO = NO;
				MTL_FAST_MATH = YES;
				SDKROOT = iphoneos;
				SWIFT_COMPILATION_MODE = wholemodule;
				VALIDATE_PRODUCT = YES;
			};
			name = Release;
		};
		8ED489E22C578D0300227B18 /* Debug */ = {
			isa = XCBuildConfiguration;
			buildSettings = {
				ASSETCATALOG_COMPILER_APPICON_NAME = AppIcon;
				ASSETCATALOG_COMPILER_GLOBAL_ACCENT_COLOR_NAME = AccentColor;
				CODE_SIGN_STYLE = Automatic;
				CURRENT_PROJECT_VERSION = 1;
				DEVELOPMENT_TEAM = 69JSYK84ZC;
				GENERATE_INFOPLIST_FILE = YES;
				INFOPLIST_FILE = BasicApp_WithStoryboard/Info.plist;
				INFOPLIST_KEY_UIApplicationSupportsIndirectInputEvents = YES;
				INFOPLIST_KEY_UILaunchStoryboardName = LaunchScreen;
				INFOPLIST_KEY_UIMainStoryboardFile = Main;
				INFOPLIST_KEY_UISupportedInterfaceOrientations_iPad = "UIInterfaceOrientationPortrait UIInterfaceOrientationPortraitUpsideDown UIInterfaceOrientationLandscapeLeft UIInterfaceOrientationLandscapeRight";
				INFOPLIST_KEY_UISupportedInterfaceOrientations_iPhone = "UIInterfaceOrientationPortrait UIInterfaceOrientationLandscapeLeft UIInterfaceOrientationLandscapeRight";
				LD_RUNPATH_SEARCH_PATHS = (
					"$(inherited)",
					"@executable_path/Frameworks",
				);
				MARKETING_VERSION = 1.0;
				PRODUCT_BUNDLE_IDENTIFIER = "nzzima.BasicApp-WithStoryboard";
				PRODUCT_NAME = "$(TARGET_NAME)";
				SWIFT_EMIT_LOC_STRINGS = YES;
				SWIFT_VERSION = 5.0;
				TARGETED_DEVICE_FAMILY = "1,2";
			};
			name = Debug;
		};
		8ED489E32C578D0300227B18 /* Release */ = {
			isa = XCBuildConfiguration;
			buildSettings = {
				ASSETCATALOG_COMPILER_APPICON_NAME = AppIcon;
				ASSETCATALOG_COMPILER_GLOBAL_ACCENT_COLOR_NAME = AccentColor;
				CODE_SIGN_STYLE = Automatic;
				CURRENT_PROJECT_VERSION = 1;
				DEVELOPMENT_TEAM = 69JSYK84ZC;
				GENERATE_INFOPLIST_FILE = YES;
				INFOPLIST_FILE = BasicApp_WithStoryboard/Info.plist;
				INFOPLIST_KEY_UIApplicationSupportsIndirectInputEvents = YES;
				INFOPLIST_KEY_UILaunchStoryboardName = LaunchScreen;
				INFOPLIST_KEY_UIMainStoryboardFile = Main;
				INFOPLIST_KEY_UISupportedInterfaceOrientations_iPad = "UIInterfaceOrientationPortrait UIInterfaceOrientationPortraitUpsideDown UIInterfaceOrientationLandscapeLeft UIInterfaceOrientationLandscapeRight";
				INFOPLIST_KEY_UISupportedInterfaceOrientations_iPhone = "UIInterfaceOrientationPortrait UIInterfaceOrientationLandscapeLeft UIInterfaceOrientationLandscapeRight";
				LD_RUNPATH_SEARCH_PATHS = (
					"$(inherited)",
					"@executable_path/Frameworks",
				);
				MARKETING_VERSION = 1.0;
				PRODUCT_BUNDLE_IDENTIFIER = "nzzima.BasicApp-WithStoryboard";
				PRODUCT_NAME = "$(TARGET_NAME)";
				SWIFT_EMIT_LOC_STRINGS = YES;
				SWIFT_VERSION = 5.0;
				TARGETED_DEVICE_FAMILY = "1,2";
			};
			name = Release;
		};
		8ED489E52C578D0300227B18 /* Debug */ = {
			isa = XCBuildConfiguration;
			buildSettings = {
				ALWAYS_EMBED_SWIFT_STANDARD_LIBRARIES = YES;
				BUNDLE_LOADER = "$(TEST_HOST)";
				CODE_SIGN_STYLE = Automatic;
				CURRENT_PROJECT_VERSION = 1;
				DEVELOPMENT_TEAM = 69JSYK84ZC;
				GENERATE_INFOPLIST_FILE = YES;
				IPHONEOS_DEPLOYMENT_TARGET = 17.5;
				MARKETING_VERSION = 1.0;
				PRODUCT_BUNDLE_IDENTIFIER = "nzzima.BasicApp-WithStoryboardTests";
				PRODUCT_NAME = "$(TARGET_NAME)";
				SWIFT_EMIT_LOC_STRINGS = NO;
				SWIFT_VERSION = 5.0;
				TARGETED_DEVICE_FAMILY = "1,2";
				TEST_HOST = "$(BUILT_PRODUCTS_DIR)/BasicApp_WithStoryboard.app/$(BUNDLE_EXECUTABLE_FOLDER_PATH)/BasicApp_WithStoryboard";
			};
			name = Debug;
		};
		8ED489E62C578D0300227B18 /* Release */ = {
			isa = XCBuildConfiguration;
			buildSettings = {
				ALWAYS_EMBED_SWIFT_STANDARD_LIBRARIES = YES;
				BUNDLE_LOADER = "$(TEST_HOST)";
				CODE_SIGN_STYLE = Automatic;
				CURRENT_PROJECT_VERSION = 1;
				DEVELOPMENT_TEAM = 69JSYK84ZC;
				GENERATE_INFOPLIST_FILE = YES;
				IPHONEOS_DEPLOYMENT_TARGET = 17.5;
				MARKETING_VERSION = 1.0;
				PRODUCT_BUNDLE_IDENTIFIER = "nzzima.BasicApp-WithStoryboardTests";
				PRODUCT_NAME = "$(TARGET_NAME)";
				SWIFT_EMIT_LOC_STRINGS = NO;
				SWIFT_VERSION = 5.0;
				TARGETED_DEVICE_FAMILY = "1,2";
				TEST_HOST = "$(BUILT_PRODUCTS_DIR)/BasicApp_WithStoryboard.app/$(BUNDLE_EXECUTABLE_FOLDER_PATH)/BasicApp_WithStoryboard";
			};
			name = Release;
		};
		8ED489E82C578D0300227B18 /* Debug */ = {
			isa = XCBuildConfiguration;
			buildSettings = {
				ALWAYS_EMBED_SWIFT_STANDARD_LIBRARIES = YES;
				CODE_SIGN_STYLE = Automatic;
				CURRENT_PROJECT_VERSION = 1;
				DEVELOPMENT_TEAM = 69JSYK84ZC;
				GENERATE_INFOPLIST_FILE = YES;
				MARKETING_VERSION = 1.0;
				PRODUCT_BUNDLE_IDENTIFIER = "nzzima.BasicApp-WithStoryboardUITests";
				PRODUCT_NAME = "$(TARGET_NAME)";
				SWIFT_EMIT_LOC_STRINGS = NO;
				SWIFT_VERSION = 5.0;
				TARGETED_DEVICE_FAMILY = "1,2";
				TEST_TARGET_NAME = BasicApp_WithStoryboard;
			};
			name = Debug;
		};
		8ED489E92C578D0300227B18 /* Release */ = {
			isa = XCBuildConfiguration;
			buildSettings = {
				ALWAYS_EMBED_SWIFT_STANDARD_LIBRARIES = YES;
				CODE_SIGN_STYLE = Automatic;
				CURRENT_PROJECT_VERSION = 1;
				DEVELOPMENT_TEAM = 69JSYK84ZC;
				GENERATE_INFOPLIST_FILE = YES;
				MARKETING_VERSION = 1.0;
				PRODUCT_BUNDLE_IDENTIFIER = "nzzima.BasicApp-WithStoryboardUITests";
				PRODUCT_NAME = "$(TARGET_NAME)";
				SWIFT_EMIT_LOC_STRINGS = NO;
				SWIFT_VERSION = 5.0;
				TARGETED_DEVICE_FAMILY = "1,2";
				TEST_TARGET_NAME = BasicApp_WithStoryboard;
			};
			name = Release;
		};
/* End XCBuildConfiguration section */

/* Begin XCConfigurationList section */
		8ED489B22C578D0200227B18 /* Build configuration list for PBXProject "BasicApp_WithStoryboard" */ = {
			isa = XCConfigurationList;
			buildConfigurations = (
				8ED489DF2C578D0300227B18 /* Debug */,
				8ED489E02C578D0300227B18 /* Release */,
			);
			defaultConfigurationIsVisible = 0;
			defaultConfigurationName = Release;
		};
		8ED489E12C578D0300227B18 /* Build configuration list for PBXNativeTarget "BasicApp_WithStoryboard" */ = {
			isa = XCConfigurationList;
			buildConfigurations = (
				8ED489E22C578D0300227B18 /* Debug */,
				8ED489E32C578D0300227B18 /* Release */,
			);
			defaultConfigurationIsVisible = 0;
			defaultConfigurationName = Release;
		};
		8ED489E42C578D0300227B18 /* Build configuration list for PBXNativeTarget "BasicApp_WithStoryboardTests" */ = {
			isa = XCConfigurationList;
			buildConfigurations = (
				8ED489E52C578D0300227B18 /* Debug */,
				8ED489E62C578D0300227B18 /* Release */,
			);
			defaultConfigurationIsVisible = 0;
			defaultConfigurationName = Release;
		};
		8ED489E72C578D0300227B18 /* Build configuration list for PBXNativeTarget "BasicApp_WithStoryboardUITests" */ = {
			isa = XCConfigurationList;
			buildConfigurations = (
				8ED489E82C578D0300227B18 /* Debug */,
				8ED489E92C578D0300227B18 /* Release */,
			);
			defaultConfigurationIsVisible = 0;
			defaultConfigurationName = Release;
		};
/* End XCConfigurationList section */
	};
	rootObject = 8ED489AF2C578D0200227B18 /* Project object */;
}
